Microsoft Visual Studio Solution File, Format Version 12.00
# Visual Studio Version 17
VisualStudioVersion = 17.5.2.0
MinimumVisualStudioVersion = 10.0.40219.1
Project("{FAE04EC0-301F-11D3-BF4B-00C04F79EFBC}") = "JWT_demo", "JWT_demo.csproj", "{2CDA13E3-B834-0F54-48F4-559D60277299}"
EndProject
Global
	GlobalSection(SolutionConfigurationPlatforms) = preSolution
		Debug|Any CPU = Debug|Any CPU
		Release|Any CPU = Release|Any CPU
	EndGlobalSection
	GlobalSection(ProjectConfigurationPlatforms) = postSolution
		{2CDA13E3-B834-0F54-48F4-559D60277299}.Debug|Any CPU.ActiveCfg = Debug|Any CPU
		{2CDA13E3-B834-0F54-48F4-559D60277299}.Debug|Any CPU.Build.0 = Debug|Any CPU
		{2CDA13E3-B834-0F54-48F4-559D60277299}.Release|Any CPU.ActiveCfg = Release|Any CPU
		{2CDA13E3-B834-0F54-48F4-559D60277299}.Release|Any CPU.Build.0 = Release|Any CPU
	EndGlobalSection
	GlobalSection(SolutionProperties) = preSolution
		HideSolutionNode = FALSE
	EndGlobalSection
	GlobalSection(ExtensibilityGlobals) = postSolution
		SolutionGuid = {1314E42B-D6D4-4F86-8FE6-E394C53D1BAE}
	EndGlobalSection
EndGlobal
